
Microsoft Visual Studio Solution File, Format Version 12.00
Project("{FAE04EC0-301F-11D3-BF4B-00C04F79EFBC}") = "Backend API", "Backend API\Backend API.csproj", "{9E70EAE8-438A-4EDD-80DB-5D0AA6C15B28}"
EndProject
Global
	GlobalSection(SolutionConfigurationPlatforms) = preSolution
		Debug|Any CPU = Debug|Any CPU
		Release|Any CPU = Release|Any CPU
	EndGlobalSection
	GlobalSection(ProjectConfigurationPlatforms) = postSolution
		{9E70EAE8-438A-4EDD-80DB-5D0AA6C15B28}.Debug|Any CPU.ActiveCfg = Debug|Any CPU
		{9E70EAE8-438A-4EDD-80DB-5D0AA6C15B28}.Debug|Any CPU.Build.0 = Debug|Any CPU
		{9E70EAE8-438A-4EDD-80DB-5D0AA6C15B28}.Release|Any CPU.ActiveCfg = Release|Any CPU
		{9E70EAE8-438A-4EDD-80DB-5D0AA6C15B28}.Release|Any CPU.Build.0 = Release|Any CPU
	EndGlobalSection
EndGlobal
